
Microsoft Visual Studio Solution File, Format Version 12.00
# Visual Studio Version 17
VisualStudioVersion = 17.7.34302.85
MinimumVisualStudioVersion = 10.0.40219.1
Project("{8BC9CEB8-8B4A-11D0-8D11-00A0C91BC942}") = "d3d11utils", "d3d11utils\d3d11utils.vcxproj", "{A19576C5-B968-4ECB-A174-9AE188D4347E}"
EndProject
Global
	GlobalSection(SolutionConfigurationPlatforms) = preSolution
		Debug|x64 = Debug|x64
		Release|x64 = Release|x64
	EndGlobalSection
	GlobalSection(ProjectConfigurationPlatforms) = postSolution
		{A19576C5-B968-4ECB-A174-9AE188D4347E}.Debug|x64.ActiveCfg = Debug|x64
		{A19576C5-B968-4ECB-A174-9AE188D4347E}.Debug|x64.Build.0 = Debug|x64
		{A19576C5-B968-4ECB-A174-9AE188D4347E}.Release|x64.ActiveCfg = Release|x64
		{A19576C5-B968-4ECB-A174-9AE188D4347E}.Release|x64.Build.0 = Release|x64
	EndGlobalSection
	GlobalSection(SolutionProperties) = preSolution
		HideSolutionNode = FALSE
	EndGlobalSection
	GlobalSection(ExtensibilityGlobals) = postSolution
		SolutionGuid = {BBBE4785-7EDF-47FB-BBE2-3C94C2CE5020}
	EndGlobalSection
EndGlobal
